{
    "_meta": {
        "hash": {
            "sha256": "2578d7e4649c3027e4091284843176d455a7dccf6c13c5f33602b33b627b71b4"
        },
        "pipfile-spec": 6,
        "requires": {
            "python_full_version": "3.8.5",
            "python_version": "3.8"
        },
        "sources": [
            {
                "name": "pypi",
                "url": "https://pypi.org/simple",
                "verify_ssl": true
            }
        ]
    },
    "default": {},
    "develop": {}
}
